<?xml version="1.0" encoding="utf-8"?>
<Project ToolsVersion="4.0" xmlns="http://schemas.microsoft.com/developer/msbuild/2003">
  <ItemGroup>
    <ClCompile Include="CThreadColtrol.cpp" />
    <ClCompile Include="CRobot.cpp" />
    <ClCompile Include="CMmceIo.cpp">
      <Filter>Dio</Filter>
    </ClCompile>
    <ClCompile Include="COPSwitch.cpp">
      <Filter>Actuator</Filter>
    </ClCompile>
    <ClCompile Include="CAbsThread.cpp">
      <Filter>Thread</Filter>
    </ClCompile>
    <ClCompile Include="CCylinder.cpp">
      <Filter>Actuator</Filter>
    </ClCompile>
    <ClCompile Include="CAxisController.cpp">
      <Filter>Actuator</Filter>
    </ClCompile>
    <ClCompile Include="CTimer.cpp">
      <Filter>Etc</Filter>
    </ClCompile>
    <ClCompile Include="RunStopSequence.cpp">
      <Filter>Etc</Filter>
    </ClCompile>
    <ClCompile Include="stdafx.cpp">
      <Filter>Etc</Filter>
    </ClCompile>
    <ClCompile Include="RunStopSequenceDlg.cpp" />
  </ItemGroup>
  <ItemGroup>
    <ClInclude Include="CThreadColtrol.h" />
    <ClInclude Include="CRobot.h" />
    <ClInclude Include="CMmceIo.h">
      <Filter>Dio</Filter>
    </ClInclude>
    <ClInclude Include="COPSwitch.h">
      <Filter>Actuator</Filter>
    </ClInclude>
    <ClInclude Include="CAbsThread.h">
      <Filter>Thread</Filter>
    </ClInclude>
    <ClInclude Include="CCylinder.h">
      <Filter>Actuator</Filter>
    </ClInclude>
    <ClInclude Include="CAxisController.h">
      <Filter>Actuator</Filter>
    </ClInclude>
    <ClInclude Include="CTimer.h">
      <Filter>Etc</Filter>
    </ClInclude>
    <ClInclude Include="Resource.h">
      <Filter>Etc</Filter>
    </ClInclude>
    <ClInclude Include="RunStopSequence.h">
      <Filter>Etc</Filter>
    </ClInclude>
    <ClInclude Include="stdafx.h">
      <Filter>Etc</Filter>
    </ClInclude>
    <ClInclude Include="targetver.h">
      <Filter>Etc</Filter>
    </ClInclude>
    <ClInclude Include="RunStopSequenceDlg.h" />
  </ItemGroup>
  <ItemGroup>
    <Filter Include="Thread">
      <UniqueIdentifier>{5ac1d07e-4e6c-4816-9799-8b910ea07f9e}</UniqueIdentifier>
    </Filter>
    <Filter Include="Actuator">
      <UniqueIdentifier>{bd9d4d93-47b7-44f1-8a73-1370d8f93885}</UniqueIdentifier>
    </Filter>
    <Filter Include="Etc">
      <UniqueIdentifier>{d901e06b-b365-4d79-97ba-621545e382bb}</UniqueIdentifier>
    </Filter>
    <Filter Include="Dio">
      <UniqueIdentifier>{6b227986-5909-48f5-9560-d7e67ff8b6aa}</UniqueIdentifier>
    </Filter>
  </ItemGroup>
  <ItemGroup>
    <Text Include="ReadMe.txt">
      <Filter>Etc</Filter>
    </Text>
  </ItemGroup>
  <ItemGroup>
    <Image Include="res\RunStopSequence.ico">
      <Filter>Etc</Filter>
    </Image>
  </ItemGroup>
  <ItemGroup>
    <ResourceCompile Include="RunStopSequence.rc">
      <Filter>Etc</Filter>
    </ResourceCompile>
  </ItemGroup>
  <ItemGroup>
    <None Include="res\RunStopSequence.rc2">
      <Filter>Etc</Filter>
    </None>
  </ItemGroup>
</Project>